// !$*UTF8*$!
{
	archiveVersion = 1;
	classes = {
	};
	objectVersion = 46;
	objects = {

/* Begin PBXBuildFile section */
		6087DE542C2EF4D9EE747505 /* libPods.a in Frameworks */ = {isa = PBXBuildFile; fileRef = 910363385E2C2C46267FB278 /* libPods.a */; };
		ED0972291CB608E700FF5D19 /* DJMeSquareCell.m in Sources */ = {isa = PBXBuildFile; fileRef = ED0972271CB608E700FF5D19 /* DJMeSquareCell.m */; };
		ED09722A1CB608E700FF5D19 /* DJMeSquareCell.xib in Resources */ = {isa = PBXBuildFile; fileRef = ED0972281CB608E700FF5D19 /* DJMeSquareCell.xib */; };
		ED09722D1CB60F0100FF5D19 /* DJSquareItem.m in Sources */ = {isa = PBXBuildFile; fileRef = ED09722C1CB60F0100FF5D19 /* DJSquareItem.m */; };
		ED09722F1CB6357500FF5D19 /* WebKit.framework in Frameworks */ = {isa = PBXBuildFile; fileRef = ED09722E1CB6357500FF5D19 /* WebKit.framework */; };
		ED0972361CB6364A00FF5D19 /* DJWebKitController.m in Sources */ = {isa = PBXBuildFile; fileRef = ED0972341CB6364A00FF5D19 /* DJWebKitController.m */; };
		ED0972371CB6364A00FF5D19 /* DJWebKitController.xib in Resources */ = {isa = PBXBuildFile; fileRef = ED0972351CB6364A00FF5D19 /* DJWebKitController.xib */; };
		ED142F361CAD4135006566DF /* UIColor+Hex.m in Sources */ = {isa = PBXBuildFile; fileRef = ED142F351CAD4135006566DF /* UIColor+Hex.m */; };
		ED1C19AA1CB41FA000483F73 /* UIImage+Circle.m in Sources */ = {isa = PBXBuildFile; fileRef = ED1C19A91CB41FA000483F73 /* UIImage+Circle.m */; };
		ED1C19AC1CB4A81400483F73 /* DJFriendTrendController.xib in Resources */ = {isa = PBXBuildFile; fileRef = ED1C19AB1CB4A81400483F73 /* DJFriendTrendController.xib */; };
		ED2C80441CB4E6530052E1AD /* DJLoginAndRegisterController.m in Sources */ = {isa = PBXBuildFile; fileRef = ED2C80421CB4E6530052E1AD /* DJLoginAndRegisterController.m */; };
		ED2C80451CB4E6530052E1AD /* DJLoginAndRegisterController.xib in Resources */ = {isa = PBXBuildFile; fileRef = ED2C80431CB4E6530052E1AD /* DJLoginAndRegisterController.xib */; };
		ED2C80481CB51DA20052E1AD /* DJLoginButton.m in Sources */ = {isa = PBXBuildFile; fileRef = ED2C80471CB51DA20052E1AD /* DJLoginButton.m */; };
		ED2C804B1CB522EA0052E1AD /* DJLoginAndRegisterView.m in Sources */ = {isa = PBXBuildFile; fileRef = ED2C804A1CB522EA0052E1AD /* DJLoginAndRegisterView.m */; };
		ED2C804D1CB522FE0052E1AD /* DJLoginAndRegisterView.xib in Resources */ = {isa = PBXBuildFile; fileRef = ED2C804C1CB522FE0052E1AD /* DJLoginAndRegisterView.xib */; };
		ED3F134F1CAD2F65000E36A5 /* Assets.xcassets in Resources */ = {isa = PBXBuildFile; fileRef = ED3F134E1CAD2F65000E36A5 /* Assets.xcassets */; };
		EDBEF1C31CAD3159009681AF /* AppDelegate.m in Sources */ = {isa = PBXBuildFile; fileRef = EDBEF1BC1CAD3159009681AF /* AppDelegate.m */; };
		EDBEF1C51CAD3159009681AF /* main.m in Sources */ = {isa = PBXBuildFile; fileRef = EDBEF1BE1CAD3159009681AF /* main.m */; };
		EDBEF1C81CAD32A7009681AF /* DJTabBarController.m in Sources */ = {isa = PBXBuildFile; fileRef = EDBEF1C71CAD32A7009681AF /* DJTabBarController.m */; };
		EDBEF1CB1CAD32F9009681AF /* DJNavigationController.m in Sources */ = {isa = PBXBuildFile; fileRef = EDBEF1CA1CAD32F9009681AF /* DJNavigationController.m */; };
		EDBEF1CE1CAD36A3009681AF /* UIImage+Render.m in Sources */ = {isa = PBXBuildFile; fileRef = EDBEF1CD1CAD36A3009681AF /* UIImage+Render.m */; };
		EDBEF1D21CAD3934009681AF /* DJPublishController.m in Sources */ = {isa = PBXBuildFile; fileRef = EDBEF1D11CAD3934009681AF /* DJPublishController.m */; };
		EDBEF1D51CAD39D6009681AF /* DJEssenceController.m in Sources */ = {isa = PBXBuildFile; fileRef = EDBEF1D41CAD39D6009681AF /* DJEssenceController.m */; };
		EDBEF1DE1CAD3AA5009681AF /* DJMeController.m in Sources */ = {isa = PBXBuildFile; fileRef = EDBEF1DD1CAD3AA5009681AF /* DJMeController.m */; };
		EDBEF1E11CAD3AE5009681AF /* DJNewController.m in Sources */ = {isa = PBXBuildFile; fileRef = EDBEF1E01CAD3AE5009681AF /* DJNewController.m */; };
		EDBEF1E41CAD3D13009681AF /* DJFriendTrendController.m in Sources */ = {isa = PBXBuildFile; fileRef = EDBEF1E31CAD3D13009681AF /* DJFriendTrendController.m */; };
		EDD13BF01CB3E33600C8EDA3 /* DJADController.m in Sources */ = {isa = PBXBuildFile; fileRef = EDD13BEE1CB3E33600C8EDA3 /* DJADController.m */; };
		EDD13BF11CB3E33600C8EDA3 /* DJADController.xib in Resources */ = {isa = PBXBuildFile; fileRef = EDD13BEF1CB3E33600C8EDA3 /* DJADController.xib */; };
		EDD13BFA1CB3EA3500C8EDA3 /* LaunchImage-568h@2x.png in Resources */ = {isa = PBXBuildFile; fileRef = EDD13BF31CB3EA3500C8EDA3 /* LaunchImage-568h@2x.png */; };
		EDD13BFB1CB3EA3500C8EDA3 /* LaunchImage-700-568h@2x.png in Resources */ = {isa = PBXBuildFile; fileRef = EDD13BF41CB3EA3500C8EDA3 /* LaunchImage-700-568h@2x.png */; };
		EDD13BFC1CB3EA3500C8EDA3 /* LaunchImage-700@2x.png in Resources */ = {isa = PBXBuildFile; fileRef = EDD13BF51CB3EA3500C8EDA3 /* LaunchImage-700@2x.png */; };
		EDD13BFD1CB3EA3500C8EDA3 /* LaunchImage-800-667h@2x.png in Resources */ = {isa = PBXBuildFile; fileRef = EDD13BF61CB3EA3500C8EDA3 /* LaunchImage-800-667h@2x.png */; };
		EDD13BFE1CB3EA3500C8EDA3 /* LaunchImage-800-Portrait-736h@3x.png in Resources */ = {isa = PBXBuildFile; fileRef = EDD13BF71CB3EA3500C8EDA3 /* LaunchImage-800-Portrait-736h@3x.png */; };
		EDD13BFF1CB3EA3500C8EDA3 /* LaunchImage.png in Resources */ = {isa = PBXBuildFile; fileRef = EDD13BF81CB3EA3500C8EDA3 /* LaunchImage.png */; };
		EDD13C001CB3EA3500C8EDA3 /* LaunchImage@2x.png in Resources */ = {isa = PBXBuildFile; fileRef = EDD13BF91CB3EA3500C8EDA3 /* LaunchImage@2x.png */; };
		EDD13C031CB3F0E900C8EDA3 /* DJADItem.m in Sources */ = {isa = PBXBuildFile; fileRef = EDD13C021CB3F0E900C8EDA3 /* DJADItem.m */; };
		EDD13C061CB4008D00C8EDA3 /* DJSubscribeController.m in Sources */ = {isa = PBXBuildFile; fileRef = EDD13C051CB4008D00C8EDA3 /* DJSubscribeController.m */; };
		EDD13C091CB4067D00C8EDA3 /* DJSubRowItem.m in Sources */ = {isa = PBXBuildFile; fileRef = EDD13C081CB4067D00C8EDA3 /* DJSubRowItem.m */; };
		EDD13C0D1CB409A000C8EDA3 /* DJSubscribeCell.m in Sources */ = {isa = PBXBuildFile; fileRef = EDD13C0B1CB409A000C8EDA3 /* DJSubscribeCell.m */; };
		EDD13C0E1CB409A000C8EDA3 /* DJSubscribeCell.xib in Resources */ = {isa = PBXBuildFile; fileRef = EDD13C0C1CB409A000C8EDA3 /* DJSubscribeCell.xib */; };
		EDDBEBC11CB5F17E00328651 /* DJLoginRegisterField.m in Sources */ = {isa = PBXBuildFile; fileRef = EDDBEBC01CB5F17E00328651 /* DJLoginRegisterField.m */; };
		EDDBEBC41CB5F7A900328651 /* UITextField+PlaceholderColor.m in Sources */ = {isa = PBXBuildFile; fileRef = EDDBEBC31CB5F7A900328651 /* UITextField+PlaceholderColor.m */; };
		EDDBEBC61CB5FC4400328651 /* DJMeController.storyboard in Resources */ = {isa = PBXBuildFile; fileRef = EDDBEBC51CB5FC4400328651 /* DJMeController.storyboard */; };
		EDECCED91CAE1BD300490121 /* DJTabBar.m in Sources */ = {isa = PBXBuildFile; fileRef = EDECCED81CAE1BD300490121 /* DJTabBar.m */; };
		EDECCEDC1CAE691100490121 /* DJSettingController.m in Sources */ = {isa = PBXBuildFile; fileRef = EDECCEDB1CAE691100490121 /* DJSettingController.m */; };
/* End PBXBuildFile section */

/* Begin PBXFileReference section */
		2EFB194644F16A53A905B6A1 /* Pods.debug.xcconfig */ = {isa = PBXFileReference; includeInIndex = 1; lastKnownFileType = text.xcconfig; name = Pods.debug.xcconfig; path = "Pods/Target Support Files/Pods/Pods.debug.xcconfig"; sourceTree = "<group>"; };
		7698E6805368F2FA14421242 /* Pods.release.xcconfig */ = {isa = PBXFileReference; includeInIndex = 1; lastKnownFileType = text.xcconfig; name = Pods.release.xcconfig; path = "Pods/Target Support Files/Pods/Pods.release.xcconfig"; sourceTree = "<group>"; };
		910363385E2C2C46267FB278 /* libPods.a */ = {isa = PBXFileReference; explicitFileType = archive.ar; includeInIndex = 0; path = libPods.a; sourceTree = BUILT_PRODUCTS_DIR; };
		ED0972261CB608E700FF5D19 /* DJMeSquareCell.h */ = {isa = PBXFileReference; fileEncoding = 4; lastKnownFileType = sourcecode.c.h; path = DJMeSquareCell.h; sourceTree = "<group>"; };
		ED0972271CB608E700FF5D19 /* DJMeSquareCell.m */ = {isa = PBXFileReference; fileEncoding = 4; lastKnownFileType = sourcecode.c.objc; path = DJMeSquareCell.m; sourceTree = "<group>"; };
		ED0972281CB608E700FF5D19 /* DJMeSquareCell.xib */ = {isa = PBXFileReference; fileEncoding = 4; lastKnownFileType = file.xib; path = DJMeSquareCell.xib; sourceTree = "<group>"; };
		ED09722B1CB60F0100FF5D19 /* DJSquareItem.h */ = {isa = PBXFileReference; fileEncoding = 4; lastKnownFileType = sourcecode.c.h; path = DJSquareItem.h; sourceTree = "<group>"; };
		ED09722C1CB60F0100FF5D19 /* DJSquareItem.m */ = {isa = PBXFileReference; fileEncoding = 4; lastKnownFileType = sourcecode.c.objc; path = DJSquareItem.m; sourceTree = "<group>"; };
		ED09722E1CB6357500FF5D19 /* WebKit.framework */ = {isa = PBXFileReference; lastKnownFileType = wrapper.framework; name = WebKit.framework; path = System/Library/Frameworks/WebKit.framework; sourceTree = SDKROOT; };
		ED0972331CB6364A00FF5D19 /* DJWebKitController.h */ = {isa = PBXFileReference; fileEncoding = 4; lastKnownFileType = sourcecode.c.h; path = DJWebKitController.h; sourceTree = "<group>"; };
		ED0972341CB6364A00FF5D19 /* DJWebKitController.m */ = {isa = PBXFileReference; fileEncoding = 4; lastKnownFileType = sourcecode.c.objc; path = DJWebKitController.m; sourceTree = "<group>"; };
		ED0972351CB6364A00FF5D19 /* DJWebKitController.xib */ = {isa = PBXFileReference; fileEncoding = 4; lastKnownFileType = file.xib; path = DJWebKitController.xib; sourceTree = "<group>"; };
		ED142F341CAD4135006566DF /* UIColor+Hex.h */ = {isa = PBXFileReference; fileEncoding = 4; lastKnownFileType = sourcecode.c.h; path = "UIColor+Hex.h"; sourceTree = "<group>"; };
		ED142F351CAD4135006566DF /* UIColor+Hex.m */ = {isa = PBXFileReference; fileEncoding = 4; lastKnownFileType = sourcecode.c.objc; path = "UIColor+Hex.m"; sourceTree = "<group>"; };
		ED1C19A81CB41FA000483F73 /* UIImage+Circle.h */ = {isa = PBXFileReference; fileEncoding = 4; lastKnownFileType = sourcecode.c.h; path = "UIImage+Circle.h"; sourceTree = "<group>"; };
		ED1C19A91CB41FA000483F73 /* UIImage+Circle.m */ = {isa = PBXFileReference; fileEncoding = 4; lastKnownFileType = sourcecode.c.objc; path = "UIImage+Circle.m"; sourceTree = "<group>"; };
		ED1C19AB1CB4A81400483F73 /* DJFriendTrendController.xib */ = {isa = PBXFileReference; fileEncoding = 4; lastKnownFileType = file.xib; path = DJFriendTrendController.xib; sourceTree = "<group>"; };
		ED2C80411CB4E6530052E1AD /* DJLoginAndRegisterController.h */ = {isa = PBXFileReference; fileEncoding = 4; lastKnownFileType = sourcecode.c.h; path = DJLoginAndRegisterController.h; sourceTree = "<group>"; };
		ED2C80421CB4E6530052E1AD /* DJLoginAndRegisterController.m */ = {isa = PBXFileReference; fileEncoding = 4; lastKnownFileType = sourcecode.c.objc; path = DJLoginAndRegisterController.m; sourceTree = "<group>"; };
		ED2C80431CB4E6530052E1AD /* DJLoginAndRegisterController.xib */ = {isa = PBXFileReference; fileEncoding = 4; lastKnownFileType = file.xib; path = DJLoginAndRegisterController.xib; sourceTree = "<group>"; };
		ED2C80461CB51DA20052E1AD /* DJLoginButton.h */ = {isa = PBXFileReference; fileEncoding = 4; lastKnownFileType = sourcecode.c.h; path = DJLoginButton.h; sourceTree = "<group>"; };
		ED2C80471CB51DA20052E1AD /* DJLoginButton.m */ = {isa = PBXFileReference; fileEncoding = 4; lastKnownFileType = sourcecode.c.objc; path = DJLoginButton.m; sourceTree = "<group>"; };
		ED2C80491CB522EA0052E1AD /* DJLoginAndRegisterView.h */ = {isa = PBXFileReference; fileEncoding = 4; lastKnownFileType = sourcecode.c.h; path = DJLoginAndRegisterView.h; sourceTree = "<group>"; };
		ED2C804A1CB522EA0052E1AD /* DJLoginAndRegisterView.m */ = {isa = PBXFileReference; fileEncoding = 4; lastKnownFileType = sourcecode.c.objc; path = DJLoginAndRegisterView.m; sourceTree = "<group>"; };
		ED2C804C1CB522FE0052E1AD /* DJLoginAndRegisterView.xib */ = {isa = PBXFileReference; fileEncoding = 4; lastKnownFileType = file.xib; path = DJLoginAndRegisterView.xib; sourceTree = "<group>"; };
		ED3F133F1CAD2F64000E36A5 /* BuDeJie.app */ = {isa = PBXFileReference; explicitFileType = wrapper.application; includeInIndex = 0; path = BuDeJie.app; sourceTree = BUILT_PRODUCTS_DIR; };
		ED3F134E1CAD2F65000E36A5 /* Assets.xcassets */ = {isa = PBXFileReference; lastKnownFileType = folder.assetcatalog; path = Assets.xcassets; sourceTree = "<group>"; };
		EDBEF1BB1CAD3159009681AF /* AppDelegate.h */ = {isa = PBXFileReference; fileEncoding = 4; lastKnownFileType = sourcecode.c.h; path = AppDelegate.h; sourceTree = "<group>"; };
		EDBEF1BC1CAD3159009681AF /* AppDelegate.m */ = {isa = PBXFileReference; fileEncoding = 4; lastKnownFileType = sourcecode.c.objc; path = AppDelegate.m; sourceTree = "<group>"; };
		EDBEF1BD1CAD3159009681AF /* Info.plist */ = {isa = PBXFileReference; fileEncoding = 4; lastKnownFileType = text.plist.xml; path = Info.plist; sourceTree = "<group>"; };
		EDBEF1BE1CAD3159009681AF /* main.m */ = {isa = PBXFileReference; fileEncoding = 4; lastKnownFileType = sourcecode.c.objc; path = main.m; sourceTree = "<group>"; };
		EDBEF1C61CAD32A7009681AF /* DJTabBarController.h */ = {isa = PBXFileReference; fileEncoding = 4; lastKnownFileType = sourcecode.c.h; path = DJTabBarController.h; sourceTree = "<group>"; };
		EDBEF1C71CAD32A7009681AF /* DJTabBarController.m */ = {isa = PBXFileReference; fileEncoding = 4; lastKnownFileType = sourcecode.c.objc; path = DJTabBarController.m; sourceTree = "<group>"; };
		EDBEF1C91CAD32F9009681AF /* DJNavigationController.h */ = {isa = PBXFileReference; fileEncoding = 4; lastKnownFileType = sourcecode.c.h; path = DJNavigationController.h; sourceTree = "<group>"; };
		EDBEF1CA1CAD32F9009681AF /* DJNavigationController.m */ = {isa = PBXFileReference; fileEncoding = 4; lastKnownFileType = sourcecode.c.objc; path = DJNavigationController.m; sourceTree = "<group>"; };
		EDBEF1CC1CAD36A3009681AF /* UIImage+Render.h */ = {isa = PBXFileReference; fileEncoding = 4; lastKnownFileType = sourcecode.c.h; path = "UIImage+Render.h"; sourceTree = "<group>"; };
		EDBEF1CD1CAD36A3009681AF /* UIImage+Render.m */ = {isa = PBXFileReference; fileEncoding = 4; lastKnownFileType = sourcecode.c.objc; path = "UIImage+Render.m"; sourceTree = "<group>"; };
		EDBEF1CF1CAD3736009681AF /* BuDeJie.pch */ = {isa = PBXFileReference; lastKnownFileType = sourcecode.c.h; path = BuDeJie.pch; sourceTree = "<group>"; };
		EDBEF1D01CAD3934009681AF /* DJPublishController.h */ = {isa = PBXFileReference; fileEncoding = 4; lastKnownFileType = sourcecode.c.h; path = DJPublishController.h; sourceTree = "<group>"; };
		EDBEF1D11CAD3934009681AF /* DJPublishController.m */ = {isa = PBXFileReference; fileEncoding = 4; lastKnownFileType = sourcecode.c.objc; path = DJPublishController.m; sourceTree = "<group>"; };
		EDBEF1D31CAD39D6009681AF /* DJEssenceController.h */ = {isa = PBXFileReference; fileEncoding = 4; lastKnownFileType = sourcecode.c.h; path = DJEssenceController.h; sourceTree = "<group>"; };
		EDBEF1D41CAD39D6009681AF /* DJEssenceController.m */ = {isa = PBXFileReference; fileEncoding = 4; lastKnownFileType = sourcecode.c.objc; path = DJEssenceController.m; sourceTree = "<group>"; };
		EDBEF1DC1CAD3AA5009681AF /* DJMeController.h */ = {isa = PBXFileReference; fileEncoding = 4; lastKnownFileType = sourcecode.c.h; path = DJMeController.h; sourceTree = "<group>"; };
		EDBEF1DD1CAD3AA5009681AF /* DJMeController.m */ = {isa = PBXFileReference; fileEncoding = 4; lastKnownFileType = sourcecode.c.objc; path = DJMeController.m; sourceTree = "<group>"; };
		EDBEF1DF1CAD3AE5009681AF /* DJNewController.h */ = {isa = PBXFileReference; fileEncoding = 4; lastKnownFileType = sourcecode.c.h; path = DJNewController.h; sourceTree = "<group>"; };
		EDBEF1E01CAD3AE5009681AF /* DJNewController.m */ = {isa = PBXFileReference; fileEncoding = 4; lastKnownFileType = sourcecode.c.objc; path = DJNewController.m; sourceTree = "<group>"; };
		EDBEF1E21CAD3D13009681AF /* DJFriendTrendController.h */ = {isa = PBXFileReference; fileEncoding = 4; lastKnownFileType = sourcecode.c.h; path = DJFriendTrendController.h; sourceTree = "<group>"; };
		EDBEF1E31CAD3D13009681AF /* DJFriendTrendController.m */ = {isa = PBXFileReference; fileEncoding = 4; lastKnownFileType = sourcecode.c.objc; path = DJFriendTrendController.m; sourceTree = "<group>"; };
		EDD13BED1CB3E33600C8EDA3 /* DJADController.h */ = {isa = PBXFileReference; fileEncoding = 4; lastKnownFileType = sourcecode.c.h; path = DJADController.h; sourceTree = "<group>"; };
		EDD13BEE1CB3E33600C8EDA3 /* DJADController.m */ = {isa = PBXFileReference; fileEncoding = 4; lastKnownFileType = sourcecode.c.objc; path = DJADController.m; sourceTree = "<group>"; };
		EDD13BEF1CB3E33600C8EDA3 /* DJADController.xib */ = {isa = PBXFileReference; fileEncoding = 4; lastKnownFileType = file.xib; path = DJADController.xib; sourceTree = "<group>"; };
		EDD13BF31CB3EA3500C8EDA3 /* LaunchImage-568h@2x.png */ = {isa = PBXFileReference; lastKnownFileType = image.png; path = "LaunchImage-568h@2x.png"; sourceTree = "<group>"; };
		EDD13BF41CB3EA3500C8EDA3 /* LaunchImage-700-568h@2x.png */ = {isa = PBXFileReference; lastKnownFileType = image.png; path = "LaunchImage-700-568h@2x.png"; sourceTree = "<group>"; };
		EDD13BF51CB3EA3500C8EDA3 /* LaunchImage-700@2x.png */ = {isa = PBXFileReference; lastKnownFileType = image.png; path = "LaunchImage-700@2x.png"; sourceTree = "<group>"; };
		EDD13BF61CB3EA3500C8EDA3 /* LaunchImage-800-667h@2x.png */ = {isa = PBXFileReference; lastKnownFileType = image.png; path = "LaunchImage-800-667h@2x.png"; sourceTree = "<group>"; };
		EDD13BF71CB3EA3500C8EDA3 /* LaunchImage-800-Portrait-736h@3x.png */ = {isa = PBXFileReference; lastKnownFileType = image.png; path = "LaunchImage-800-Portrait-736h@3x.png"; sourceTree = "<group>"; };
		EDD13BF81CB3EA3500C8EDA3 /* LaunchImage.png */ = {isa = PBXFileReference; lastKnownFileType = image.png; path = LaunchImage.png; sourceTree = "<group>"; };
		EDD13BF91CB3EA3500C8EDA3 /* LaunchImage@2x.png */ = {isa = PBXFileReference; lastKnownFileType = image.png; path = "LaunchImage@2x.png"; sourceTree = "<group>"; };
		EDD13C011CB3F0E900C8EDA3 /* DJADItem.h */ = {isa = PBXFileReference; fileEncoding = 4; lastKnownFileType = sourcecode.c.h; path = DJADItem.h; sourceTree = "<group>"; };
		EDD13C021CB3F0E900C8EDA3 /* DJADItem.m */ = {isa = PBXFileReference; fileEncoding = 4; lastKnownFileType = sourcecode.c.objc; path = DJADItem.m; sourceTree = "<group>"; };
		EDD13C041CB4008D00C8EDA3 /* DJSubscribeController.h */ = {isa = PBXFileReference; fileEncoding = 4; lastKnownFileType = sourcecode.c.h; path = DJSubscribeController.h; sourceTree = "<group>"; };
		EDD13C051CB4008D00C8EDA3 /* DJSubscribeController.m */ = {isa = PBXFileReference; fileEncoding = 4; lastKnownFileType = sourcecode.c.objc; path = DJSubscribeController.m; sourceTree = "<group>"; };
		EDD13C071CB4067D00C8EDA3 /* DJSubRowItem.h */ = {isa = PBXFileReference; fileEncoding = 4; lastKnownFileType = sourcecode.c.h; path = DJSubRowItem.h; sourceTree = "<group>"; };
		EDD13C081CB4067D00C8EDA3 /* DJSubRowItem.m */ = {isa = PBXFileReference; fileEncoding = 4; lastKnownFileType = sourcecode.c.objc; path = DJSubRowItem.m; sourceTree = "<group>"; };
		EDD13C0A1CB409A000C8EDA3 /* DJSubscribeCell.h */ = {isa = PBXFileReference; fileEncoding = 4; lastKnownFileType = sourcecode.c.h; path = DJSubscribeCell.h; sourceTree = "<group>"; };
		EDD13C0B1CB409A000C8EDA3 /* DJSubscribeCell.m */ = {isa = PBXFileReference; fileEncoding = 4; lastKnownFileType = sourcecode.c.objc; path = DJSubscribeCell.m; sourceTree = "<group>"; };
		EDD13C0C1CB409A000C8EDA3 /* DJSubscribeCell.xib */ = {isa = PBXFileReference; fileEncoding = 4; lastKnownFileType = file.xib; path = DJSubscribeCell.xib; sourceTree = "<group>"; };
		EDDBEBBF1CB5F17E00328651 /* DJLoginRegisterField.h */ = {isa = PBXFileReference; fileEncoding = 4; lastKnownFileType = sourcecode.c.h; path = DJLoginRegisterField.h; sourceTree = "<group>"; };
		EDDBEBC01CB5F17E00328651 /* DJLoginRegisterField.m */ = {isa = PBXFileReference; fileEncoding = 4; lastKnownFileType = sourcecode.c.objc; path = DJLoginRegisterField.m; sourceTree = "<group>"; };
		EDDBEBC21CB5F7A900328651 /* UITextField+PlaceholderColor.h */ = {isa = PBXFileReference; fileEncoding = 4; lastKnownFileType = sourcecode.c.h; path = "UITextField+PlaceholderColor.h"; sourceTree = "<group>"; };
		EDDBEBC31CB5F7A900328651 /* UITextField+PlaceholderColor.m */ = {isa = PBXFileReference; fileEncoding = 4; lastKnownFileType = sourcecode.c.objc; path = "UITextField+PlaceholderColor.m"; sourceTree = "<group>"; };
		EDDBEBC51CB5FC4400328651 /* DJMeController.storyboard */ = {isa = PBXFileReference; fileEncoding = 4; lastKnownFileType = file.storyboard; path = DJMeController.storyboard; sourceTree = "<group>"; };
		EDECCED71CAE1BD300490121 /* DJTabBar.h */ = {isa = PBXFileReference; fileEncoding = 4; lastKnownFileType = sourcecode.c.h; path = DJTabBar.h; sourceTree = "<group>"; };
		EDECCED81CAE1BD300490121 /* DJTabBar.m */ = {isa = PBXFileReference; fileEncoding = 4; lastKnownFileType = sourcecode.c.objc; path = DJTabBar.m; sourceTree = "<group>"; };
		EDECCEDA1CAE691100490121 /* DJSettingController.h */ = {isa = PBXFileReference; fileEncoding = 4; lastKnownFileType = sourcecode.c.h; path = DJSettingController.h; sourceTree = "<group>"; };
		EDECCEDB1CAE691100490121 /* DJSettingController.m */ = {isa = PBXFileReference; fileEncoding = 4; lastKnownFileType = sourcecode.c.objc; path = DJSettingController.m; sourceTree = "<group>"; };
/* End PBXFileReference section */

/* Begin PBXFrameworksBuildPhase section */
		ED3F133C1CAD2F64000E36A5 /* Frameworks */ = {
			isa = PBXFrameworksBuildPhase;
			buildActionMask = 2147483647;
			files = (
				ED09722F1CB6357500FF5D19 /* WebKit.framework in Frameworks */,
				6087DE542C2EF4D9EE747505 /* libPods.a in Frameworks */,
			);
			runOnlyForDeploymentPostprocessing = 0;
		};
/* End PBXFrameworksBuildPhase section */

/* Begin PBXGroup section */
		39A9F3E65D70B5654F5903CD /* Frameworks */ = {
			isa = PBXGroup;
			children = (
				ED09722E1CB6357500FF5D19 /* WebKit.framework */,
				910363385E2C2C46267FB278 /* libPods.a */,
			);
			name = Frameworks;
			sourceTree = "<group>";
		};
		6F8FCF4C2A071520BDE5F73F /* Pods */ = {
			isa = PBXGroup;
			children = (
				2EFB194644F16A53A905B6A1 /* Pods.debug.xcconfig */,
				7698E6805368F2FA14421242 /* Pods.release.xcconfig */,
			);
			name = Pods;
			sourceTree = "<group>";
		};
		ED3F13361CAD2F64000E36A5 = {
			isa = PBXGroup;
			children = (
				ED3F13411CAD2F65000E36A5 /* BuDeJie */,
				ED3F13401CAD2F64000E36A5 /* Products */,
				6F8FCF4C2A071520BDE5F73F /* Pods */,
				39A9F3E65D70B5654F5903CD /* Frameworks */,
			);
			sourceTree = "<group>";
		};
		ED3F13401CAD2F64000E36A5 /* Products */ = {
			isa = PBXGroup;
			children = (
				ED3F133F1CAD2F64000E36A5 /* BuDeJie.app */,
			);
			name = Products;
			sourceTree = "<group>";
		};
		ED3F13411CAD2F65000E36A5 /* BuDeJie */ = {
			isa = PBXGroup;
			children = (
				EDBEF1A81CAD3159009681AF /* Class */,
				ED3F134E1CAD2F65000E36A5 /* Assets.xcassets */,
				ED3F13421CAD2F65000E36A5 /* Supporting Files */,
			);
			path = BuDeJie;
			sourceTree = "<group>";
		};
		ED3F13421CAD2F65000E36A5 /* Supporting Files */ = {
			isa = PBXGroup;
			children = (
				EDD13BF21CB3EA3500C8EDA3 /* 启动图片 */,
			);
			name = "Supporting Files";
			sourceTree = "<group>";
		};
		EDBEF1A81CAD3159009681AF /* Class */ = {
			isa = PBXGroup;
			children = (
				EDD13BE61CB354A300C8EDA3 /* AD */,
				EDBEF1A91CAD3159009681AF /* Essence */,
				EDBEF1B61CAD3159009681AF /* New */,
				EDBEF1BF1CAD3159009681AF /* Publish */,
				EDBEF1AD1CAD3159009681AF /* FriendTrend */,
				EDBEF1B51CAD3159009681AF /* Me */,
				EDBEF1B11CAD3159009681AF /* MainFrame */,
				EDBEF1BA1CAD3159009681AF /* Other */,
			);
			path = Class;
			sourceTree = "<group>";
		};
		EDBEF1A91CAD3159009681AF /* Essence */ = {
			isa = PBXGroup;
			children = (
				EDBEF1AA1CAD3159009681AF /* Controller */,
				EDBEF1AB1CAD3159009681AF /* Model */,
				EDBEF1AC1CAD3159009681AF /* View */,
			);
			path = Essence;
			sourceTree = "<group>";
		};
		EDBEF1AA1CAD3159009681AF /* Controller */ = {
			isa = PBXGroup;
			children = (
				EDBEF1D31CAD39D6009681AF /* DJEssenceController.h */,
				EDBEF1D41CAD39D6009681AF /* DJEssenceController.m */,
			);
			path = Controller;
			sourceTree = "<group>";
		};
		EDBEF1AB1CAD3159009681AF /* Model */ = {
			isa = PBXGroup;
			children = (
			);
			path = Model;
			sourceTree = "<group>";
		};
		EDBEF1AC1CAD3159009681AF /* View */ = {
			isa = PBXGroup;
			children = (
			);
			path = View;
			sourceTree = "<group>";
		};
		EDBEF1AD1CAD3159009681AF /* FriendTrend */ = {
			isa = PBXGroup;
			children = (
				EDBEF1AE1CAD3159009681AF /* Controller */,
				EDBEF1AF1CAD3159009681AF /* Model */,
				EDBEF1B01CAD3159009681AF /* View */,
			);
			path = FriendTrend;
			sourceTree = "<group>";
		};
		EDBEF1AE1CAD3159009681AF /* Controller */ = {
			isa = PBXGroup;
			children = (
				EDBEF1E21CAD3D13009681AF /* DJFriendTrendController.h */,
				EDBEF1E31CAD3D13009681AF /* DJFriendTrendController.m */,
				ED1C19AB1CB4A81400483F73 /* DJFriendTrendController.xib */,
				ED2C80411CB4E6530052E1AD /* DJLoginAndRegisterController.h */,
				ED2C80421CB4E6530052E1AD /* DJLoginAndRegisterController.m */,
				ED2C80431CB4E6530052E1AD /* DJLoginAndRegisterController.xib */,
			);
			path = Controller;
			sourceTree = "<group>";
		};
		EDBEF1AF1CAD3159009681AF /* Model */ = {
			isa = PBXGroup;
			children = (
			);
			path = Model;
			sourceTree = "<group>";
		};
		EDBEF1B01CAD3159009681AF /* View */ = {
			isa = PBXGroup;
			children = (
				ED2C80461CB51DA20052E1AD /* DJLoginButton.h */,
				ED2C80471CB51DA20052E1AD /* DJLoginButton.m */,
				ED2C80491CB522EA0052E1AD /* DJLoginAndRegisterView.h */,
				ED2C804A1CB522EA0052E1AD /* DJLoginAndRegisterView.m */,
				ED2C804C1CB522FE0052E1AD /* DJLoginAndRegisterView.xib */,
				EDDBEBBF1CB5F17E00328651 /* DJLoginRegisterField.h */,
				EDDBEBC01CB5F17E00328651 /* DJLoginRegisterField.m */,
			);
			path = View;
			sourceTree = "<group>";
		};
		EDBEF1B11CAD3159009681AF /* MainFrame */ = {
			isa = PBXGroup;
			children = (
				EDBEF1B21CAD3159009681AF /* Controller */,
				EDBEF1B31CAD3159009681AF /* Model */,
				EDBEF1B41CAD3159009681AF /* View */,
			);
			path = MainFrame;
			sourceTree = "<group>";
		};
		EDBEF1B21CAD3159009681AF /* Controller */ = {
			isa = PBXGroup;
			children = (
				EDBEF1C61CAD32A7009681AF /* DJTabBarController.h */,
				EDBEF1C71CAD32A7009681AF /* DJTabBarController.m */,
				EDBEF1C91CAD32F9009681AF /* DJNavigationController.h */,
				EDBEF1CA1CAD32F9009681AF /* DJNavigationController.m */,
			);
			path = Controller;
			sourceTree = "<group>";
		};
		EDBEF1B31CAD3159009681AF /* Model */ = {
			isa = PBXGroup;
			children = (
			);
			path = Model;
			sourceTree = "<group>";
		};
		EDBEF1B41CAD3159009681AF /* View */ = {
			isa = PBXGroup;
			children = (
				EDECCED71CAE1BD300490121 /* DJTabBar.h */,
				EDECCED81CAE1BD300490121 /* DJTabBar.m */,
			);
			path = View;
			sourceTree = "<group>";
		};
		EDBEF1B51CAD3159009681AF /* Me */ = {
			isa = PBXGroup;
			children = (
				EDBEF1D91CAD3A74009681AF /* Controller */,
				EDBEF1DA1CAD3A74009681AF /* Model */,
				EDBEF1DB1CAD3A74009681AF /* View */,
			);
			path = Me;
			sourceTree = "<group>";
		};
		EDBEF1B61CAD3159009681AF /* New */ = {
			isa = PBXGroup;
			children = (
				EDBEF1B71CAD3159009681AF /* Controller */,
				EDBEF1B81CAD3159009681AF /* Model */,
				EDBEF1B91CAD3159009681AF /* View */,
			);
			path = New;
			sourceTree = "<group>";
		};
		EDBEF1B71CAD3159009681AF /* Controller */ = {
			isa = PBXGroup;
			children = (
				EDBEF1DF1CAD3AE5009681AF /* DJNewController.h */,
				EDBEF1E01CAD3AE5009681AF /* DJNewController.m */,
				EDD13C041CB4008D00C8EDA3 /* DJSubscribeController.h */,
				EDD13C051CB4008D00C8EDA3 /* DJSubscribeController.m */,
			);
			path = Controller;
			sourceTree = "<group>";
		};
		EDBEF1B81CAD3159009681AF /* Model */ = {
			isa = PBXGroup;
			children = (
				EDD13C071CB4067D00C8EDA3 /* DJSubRowItem.h */,
				EDD13C081CB4067D00C8EDA3 /* DJSubRowItem.m */,
			);
			path = Model;
			sourceTree = "<group>";
		};
		EDBEF1B91CAD3159009681AF /* View */ = {
			isa = PBXGroup;
			children = (
				EDD13C0A1CB409A000C8EDA3 /* DJSubscribeCell.h */,
				EDD13C0B1CB409A000C8EDA3 /* DJSubscribeCell.m */,
				EDD13C0C1CB409A000C8EDA3 /* DJSubscribeCell.xib */,
			);
			path = View;
			sourceTree = "<group>";
		};
		EDBEF1BA1CAD3159009681AF /* Other */ = {
			isa = PBXGroup;
			children = (
				ED142F341CAD4135006566DF /* UIColor+Hex.h */,
				ED142F351CAD4135006566DF /* UIColor+Hex.m */,
				EDBEF1BB1CAD3159009681AF /* AppDelegate.h */,
				EDDBEBC21CB5F7A900328651 /* UITextField+PlaceholderColor.h */,
				EDDBEBC31CB5F7A900328651 /* UITextField+PlaceholderColor.m */,
				EDBEF1BC1CAD3159009681AF /* AppDelegate.m */,
				EDBEF1CF1CAD3736009681AF /* BuDeJie.pch */,
				EDBEF1BD1CAD3159009681AF /* Info.plist */,
				EDBEF1BE1CAD3159009681AF /* main.m */,
				EDBEF1CC1CAD36A3009681AF /* UIImage+Render.h */,
				EDBEF1CD1CAD36A3009681AF /* UIImage+Render.m */,
				ED1C19A81CB41FA000483F73 /* UIImage+Circle.h */,
				ED1C19A91CB41FA000483F73 /* UIImage+Circle.m */,
			);
			path = Other;
			sourceTree = "<group>";
		};
		EDBEF1BF1CAD3159009681AF /* Publish */ = {
			isa = PBXGroup;
			children = (
				EDBEF1C01CAD3159009681AF /* Controller */,
				EDBEF1C11CAD3159009681AF /* Model */,
				EDBEF1C21CAD3159009681AF /* View */,
			);
			path = Publish;
			sourceTree = "<group>";
		};
		EDBEF1C01CAD3159009681AF /* Controller */ = {
			isa = PBXGroup;
			children = (
				EDBEF1D01CAD3934009681AF /* DJPublishController.h */,
				EDBEF1D11CAD3934009681AF /* DJPublishController.m */,
			);
			path = Controller;
			sourceTree = "<group>";
		};
		EDBEF1C11CAD3159009681AF /* Model */ = {
			isa = PBXGroup;
			children = (
			);
			path = Model;
			sourceTree = "<group>";
		};
		EDBEF1C21CAD3159009681AF /* View */ = {
			isa = PBXGroup;
			children = (
			);
			path = View;
			sourceTree = "<group>";
		};
		EDBEF1D91CAD3A74009681AF /* Controller */ = {
			isa = PBXGroup;
			children = (
				EDBEF1DC1CAD3AA5009681AF /* DJMeController.h */,
				EDBEF1DD1CAD3AA5009681AF /* DJMeController.m */,
				EDDBEBC51CB5FC4400328651 /* DJMeController.storyboard */,
				EDECCEDA1CAE691100490121 /* DJSettingController.h */,
				EDECCEDB1CAE691100490121 /* DJSettingController.m */,
				ED0972331CB6364A00FF5D19 /* DJWebKitController.h */,
				ED0972341CB6364A00FF5D19 /* DJWebKitController.m */,
				ED0972351CB6364A00FF5D19 /* DJWebKitController.xib */,
			);
			path = Controller;
			sourceTree = "<group>";
		};
		EDBEF1DA1CAD3A74009681AF /* Model */ = {
			isa = PBXGroup;
			children = (
				ED09722B1CB60F0100FF5D19 /* DJSquareItem.h */,
				ED09722C1CB60F0100FF5D19 /* DJSquareItem.m */,
			);
			path = Model;
			sourceTree = "<group>";
		};
		EDBEF1DB1CAD3A74009681AF /* View */ = {
			isa = PBXGroup;
			children = (
				ED0972261CB608E700FF5D19 /* DJMeSquareCell.h */,
				ED0972271CB608E700FF5D19 /* DJMeSquareCell.m */,
				ED0972281CB608E700FF5D19 /* DJMeSquareCell.xib */,
			);
			path = View;
			sourceTree = "<group>";
		};
		EDD13BE61CB354A300C8EDA3 /* AD */ = {
			isa = PBXGroup;
			children = (
				EDD13BE71CB354A300C8EDA3 /* Controller */,
				EDD13BE81CB354A300C8EDA3 /* Model */,
				EDD13BE91CB354A300C8EDA3 /* View */,
			);
			path = AD;
			sourceTree = "<group>";
		};
		EDD13BE71CB354A300C8EDA3 /* Controller */ = {
			isa = PBXGroup;
			children = (
				EDD13BED1CB3E33600C8EDA3 /* DJADController.h */,
				EDD13BEE1CB3E33600C8EDA3 /* DJADController.m */,
				EDD13BEF1CB3E33600C8EDA3 /* DJADController.xib */,
			);
			path = Controller;
			sourceTree = "<group>";
		};
		EDD13BE81CB354A300C8EDA3 /* Model */ = {
			isa = PBXGroup;
			children = (
				EDD13C011CB3F0E900C8EDA3 /* DJADItem.h */,
				EDD13C021CB3F0E900C8EDA3 /* DJADItem.m */,
			);
			path = Model;
			sourceTree = "<group>";
		};
		EDD13BE91CB354A300C8EDA3 /* View */ = {
			isa = PBXGroup;
			children = (
			);
			path = View;
			sourceTree = "<group>";
		};
		EDD13BF21CB3EA3500C8EDA3 /* 启动图片 */ = {
			isa = PBXGroup;
			children = (
				EDD13BF31CB3EA3500C8EDA3 /* LaunchImage-568h@2x.png */,
				EDD13BF41CB3EA3500C8EDA3 /* LaunchImage-700-568h@2x.png */,
				EDD13BF51CB3EA3500C8EDA3 /* LaunchImage-700@2x.png */,
				EDD13BF61CB3EA3500C8EDA3 /* LaunchImage-800-667h@2x.png */,
				EDD13BF71CB3EA3500C8EDA3 /* LaunchImage-800-Portrait-736h@3x.png */,
				EDD13BF81CB3EA3500C8EDA3 /* LaunchImage.png */,
				EDD13BF91CB3EA3500C8EDA3 /* LaunchImage@2x.png */,
			);
			name = "启动图片";
			path = "../../../百思不得姐资源/启动图片";
			sourceTree = "<group>";
		};
/* End PBXGroup section */

/* Begin PBXNativeTarget section */
		ED3F133E1CAD2F64000E36A5 /* BuDeJie */ = {
			isa = PBXNativeTarget;
			buildConfigurationList = ED3F13561CAD2F65000E36A5 /* Build configuration list for PBXNativeTarget "BuDeJie" */;
			buildPhases = (
				ACA619DA19E2B120B3584ED7 /* Check Pods Manifest.lock */,
				ED3F133B1CAD2F64000E36A5 /* Sources */,
				ED3F133C1CAD2F64000E36A5 /* Frameworks */,
				ED3F133D1CAD2F64000E36A5 /* Resources */,
				20942085D75E0755E6B7BA9B /* Embed Pods Frameworks */,
				0F6AAD51506F7AA801416583 /* Copy Pods Resources */,
			);
			buildRules = (
			);
			dependencies = (
			);
			name = BuDeJie;
			productName = BuDeJie;
			productReference = ED3F133F1CAD2F64000E36A5 /* BuDeJie.app */;
			productType = "com.apple.product-type.application";
		};
/* End PBXNativeTarget section */

/* Begin PBXProject section */
		ED3F13371CAD2F64000E36A5 /* Project object */ = {
			isa = PBXProject;
			attributes = {
				CLASSPREFIX = DJ;
				LastUpgradeCheck = 0730;
				ORGANIZATIONNAME = Jack.Ma;
				TargetAttributes = {
					ED3F133E1CAD2F64000E36A5 = {
						CreatedOnToolsVersion = 7.3;
					};
				};
			};
			buildConfigurationList = ED3F133A1CAD2F64000E36A5 /* Build configuration list for PBXProject "BuDeJie" */;
			compatibilityVersion = "Xcode 3.2";
			developmentRegion = English;
			hasScannedForEncodings = 0;
			knownRegions = (
				en,
				Base,
			);
			mainGroup = ED3F13361CAD2F64000E36A5;
			productRefGroup = ED3F13401CAD2F64000E36A5 /* Products */;
			projectDirPath = "";
			projectRoot = "";
			targets = (
				ED3F133E1CAD2F64000E36A5 /* BuDeJie */,
			);
		};
/* End PBXProject section */

/* Begin PBXResourcesBuildPhase section */
		ED3F133D1CAD2F64000E36A5 /* Resources */ = {
			isa = PBXResourcesBuildPhase;
			buildActionMask = 2147483647;
			files = (
				EDD13BFF1CB3EA3500C8EDA3 /* LaunchImage.png in Resources */,
				EDD13C001CB3EA3500C8EDA3 /* LaunchImage@2x.png in Resources */,
				ED1C19AC1CB4A81400483F73 /* DJFriendTrendController.xib in Resources */,
				EDD13BF11CB3E33600C8EDA3 /* DJADController.xib in Resources */,
				ED2C80451CB4E6530052E1AD /* DJLoginAndRegisterController.xib in Resources */,
				ED09722A1CB608E700FF5D19 /* DJMeSquareCell.xib in Resources */,
				EDD13BFD1CB3EA3500C8EDA3 /* LaunchImage-800-667h@2x.png in Resources */,
				EDD13BFA1CB3EA3500C8EDA3 /* LaunchImage-568h@2x.png in Resources */,
				EDD13BFC1CB3EA3500C8EDA3 /* LaunchImage-700@2x.png in Resources */,
				EDD13BFB1CB3EA3500C8EDA3 /* LaunchImage-700-568h@2x.png in Resources */,
				ED3F134F1CAD2F65000E36A5 /* Assets.xcassets in Resources */,
				ED2C804D1CB522FE0052E1AD /* DJLoginAndRegisterView.xib in Resources */,
				EDD13C0E1CB409A000C8EDA3 /* DJSubscribeCell.xib in Resources */,
				EDDBEBC61CB5FC4400328651 /* DJMeController.storyboard in Resources */,
				EDD13BFE1CB3EA3500C8EDA3 /* LaunchImage-800-Portrait-736h@3x.png in Resources */,
				ED0972371CB6364A00FF5D19 /* DJWebKitController.xib in Resources */,
			);
			runOnlyForDeploymentPostprocessing = 0;
		};
/* End PBXResourcesBuildPhase section */

/* Begin PBXShellScriptBuildPhase section */
		0F6AAD51506F7AA801416583 /* Copy Pods Resources */ = {
			isa = PBXShellScriptBuildPhase;
			buildActionMask = 2147483647;
			files = (
			);
			inputPaths = (
			);
			name = "Copy Pods Resources";
			outputPaths = (
			);
			runOnlyForDeploymentPostprocessing = 0;
			shellPath = /bin/sh;
			shellScript = "\"${SRCROOT}/Pods/Target Support Files/Pods/Pods-resources.sh\"\n";
			showEnvVarsInLog = 0;
		};
		20942085D75E0755E6B7BA9B /* Embed Pods Frameworks */ = {
			isa = PBXShellScriptBuildPhase;
			buildActionMask = 2147483647;
			files = (
			);
			inputPaths = (
			);
			name = "Embed Pods Frameworks";
			outputPaths = (
			);
			runOnlyForDeploymentPostprocessing = 0;
			shellPath = /bin/sh;
			shellScript = "\"${SRCROOT}/Pods/Target Support Files/Pods/Pods-frameworks.sh\"\n";
			showEnvVarsInLog = 0;
		};
		ACA619DA19E2B120B3584ED7 /* Check Pods Manifest.lock */ = {
			isa = PBXShellScriptBuildPhase;
			buildActionMask = 2147483647;
			files = (
			);
			inputPaths = (
			);
			name = "Check Pods Manifest.lock";
			outputPaths = (
			);
			runOnlyForDeploymentPostprocessing = 0;
			shellPath = /bin/sh;
			shellScript = "diff \"${PODS_ROOT}/../Podfile.lock\" \"${PODS_ROOT}/Manifest.lock\" > /dev/null\nif [[ $? != 0 ]] ; then\n    cat << EOM\nerror: The sandbox is not in sync with the Podfile.lock. Run 'pod install' or update your CocoaPods installation.\nEOM\n    exit 1\nfi\n";
			showEnvVarsInLog = 0;
		};
/* End PBXShellScriptBuildPhase section */

/* Begin PBXSourcesBuildPhase section */
		ED3F133B1CAD2F64000E36A5 /* Sources */ = {
			isa = PBXSourcesBuildPhase;
			buildActionMask = 2147483647;
			files = (
				ED0972291CB608E700FF5D19 /* DJMeSquareCell.m in Sources */,
				EDBEF1C81CAD32A7009681AF /* DJTabBarController.m in Sources */,
				EDBEF1D51CAD39D6009681AF /* DJEssenceController.m in Sources */,
				EDECCEDC1CAE691100490121 /* DJSettingController.m in Sources */,
				EDBEF1C31CAD3159009681AF /* AppDelegate.m in Sources */,
				EDD13BF01CB3E33600C8EDA3 /* DJADController.m in Sources */,
				EDBEF1CE1CAD36A3009681AF /* UIImage+Render.m in Sources */,
				EDD13C061CB4008D00C8EDA3 /* DJSubscribeController.m in Sources */,
				EDD13C031CB3F0E900C8EDA3 /* DJADItem.m in Sources */,
				ED2C80481CB51DA20052E1AD /* DJLoginButton.m in Sources */,
				ED2C80441CB4E6530052E1AD /* DJLoginAndRegisterController.m in Sources */,
				EDBEF1E11CAD3AE5009681AF /* DJNewController.m in Sources */,
				EDBEF1CB1CAD32F9009681AF /* DJNavigationController.m in Sources */,
				EDBEF1C51CAD3159009681AF /* main.m in Sources */,
				EDBEF1E41CAD3D13009681AF /* DJFriendTrendController.m in Sources */,
				EDD13C0D1CB409A000C8EDA3 /* DJSubscribeCell.m in Sources */,
				ED142F361CAD4135006566DF /* UIColor+Hex.m in Sources */,
				ED09722D1CB60F0100FF5D19 /* DJSquareItem.m in Sources */,
				EDBEF1DE1CAD3AA5009681AF /* DJMeController.m in Sources */,
				ED1C19AA1CB41FA000483F73 /* UIImage+Circle.m in Sources */,
				EDD13C091CB4067D00C8EDA3 /* DJSubRowItem.m in Sources */,
				EDDBEBC11CB5F17E00328651 /* DJLoginRegisterField.m in Sources */,
				EDBEF1D21CAD3934009681AF /* DJPublishController.m in Sources */,
				EDDBEBC41CB5F7A900328651 /* UITextField+PlaceholderColor.m in Sources */,
				EDECCED91CAE1BD300490121 /* DJTabBar.m in Sources */,
				ED0972361CB6364A00FF5D19 /* DJWebKitController.m in Sources */,
				ED2C804B1CB522EA0052E1AD /* DJLoginAndRegisterView.m in Sources */,
			);
			runOnlyForDeploymentPostprocessing = 0;
		};
/* End PBXSourcesBuildPhase section */

/* Begin XCBuildConfiguration section */
		ED3F13541CAD2F65000E36A5 /* Debug */ = {
			isa = XCBuildConfiguration;
			buildSettings = {
				ALWAYS_SEARCH_USER_PATHS = NO;
				CLANG_ANALYZER_NONNULL = YES;
				CLANG_CXX_LANGUAGE_STANDARD = "gnu++0x";
				CLANG_CXX_LIBRARY = "libc++";
				CLANG_ENABLE_MODULES = YES;
				CLANG_ENABLE_OBJC_ARC = YES;
				CLANG_WARN_BOOL_CONVERSION = YES;
				CLANG_WARN_CONSTANT_CONVERSION = YES;
				CLANG_WARN_DIRECT_OBJC_ISA_USAGE = YES_ERROR;
				CLANG_WARN_EMPTY_BODY = YES;
				CLANG_WARN_ENUM_CONVERSION = YES;
				CLANG_WARN_INT_CONVERSION = YES;
				CLANG_WARN_OBJC_ROOT_CLASS = YES_ERROR;
				CLANG_WARN_UNREACHABLE_CODE = YES;
				CLANG_WARN__DUPLICATE_METHOD_MATCH = YES;
				"CODE_SIGN_IDENTITY[sdk=iphoneos*]" = "iPhone Developer";
				COPY_PHASE_STRIP = NO;
				DEBUG_INFORMATION_FORMAT = dwarf;
				ENABLE_STRICT_OBJC_MSGSEND = YES;
				ENABLE_TESTABILITY = YES;
				GCC_C_LANGUAGE_STANDARD = gnu99;
				GCC_DYNAMIC_NO_PIC = NO;
				GCC_NO_COMMON_BLOCKS = YES;
				GCC_OPTIMIZATION_LEVEL = 0;
				GCC_PREFIX_HEADER = BuDeJie/Class/Other/BuDeJie.pch;
				GCC_PREPROCESSOR_DEFINITIONS = (
					"DEBUG=1",
					"$(inherited)",
				);
				GCC_WARN_64_TO_32_BIT_CONVERSION = YES;
				GCC_WARN_ABOUT_RETURN_TYPE = YES_ERROR;
				GCC_WARN_UNDECLARED_SELECTOR = YES;
				GCC_WARN_UNINITIALIZED_AUTOS = YES_AGGRESSIVE;
				GCC_WARN_UNUSED_FUNCTION = YES;
				GCC_WARN_UNUSED_VARIABLE = YES;
				IPHONEOS_DEPLOYMENT_TARGET = 9.3;
				MTL_ENABLE_DEBUG_INFO = YES;
				ONLY_ACTIVE_ARCH = YES;
				SDKROOT = iphoneos;
			};
			name = Debug;
		};
		ED3F13551CAD2F65000E36A5 /* Release */ = {
			isa = XCBuildConfiguration;
			buildSettings = {
				ALWAYS_SEARCH_USER_PATHS = NO;
				CLANG_ANALYZER_NONNULL = YES;
				CLANG_CXX_LANGUAGE_STANDARD = "gnu++0x";
				CLANG_CXX_LIBRARY = "libc++";
				CLANG_ENABLE_MODULES = YES;
				CLANG_ENABLE_OBJC_ARC = YES;
				CLANG_WARN_BOOL_CONVERSION = YES;
				CLANG_WARN_CONSTANT_CONVERSION = YES;
				CLANG_WARN_DIRECT_OBJC_ISA_USAGE = YES_ERROR;
				CLANG_WARN_EMPTY_BODY = YES;
				CLANG_WARN_ENUM_CONVERSION = YES;
				CLANG_WARN_INT_CONVERSION = YES;
				CLANG_WARN_OBJC_ROOT_CLASS = YES_ERROR;
				CLANG_WARN_UNREACHABLE_CODE = YES;
				CLANG_WARN__DUPLICATE_METHOD_MATCH = YES;
				"CODE_SIGN_IDENTITY[sdk=iphoneos*]" = "iPhone Developer";
				COPY_PHASE_STRIP = NO;
				DEBUG_INFORMATION_FORMAT = "dwarf-with-dsym";
				ENABLE_NS_ASSERTIONS = NO;
				ENABLE_STRICT_OBJC_MSGSEND = YES;
				GCC_C_LANGUAGE_STANDARD = gnu99;
				GCC_NO_COMMON_BLOCKS = YES;
				GCC_PREFIX_HEADER = BuDeJie/Class/Other/BuDeJie.pch;
				GCC_WARN_64_TO_32_BIT_CONVERSION = YES;
				GCC_WARN_ABOUT_RETURN_TYPE = YES_ERROR;
				GCC_WARN_UNDECLARED_SELECTOR = YES;
				GCC_WARN_UNINITIALIZED_AUTOS = YES_AGGRESSIVE;
				GCC_WARN_UNUSED_FUNCTION = YES;
				GCC_WARN_UNUSED_VARIABLE = YES;
				IPHONEOS_DEPLOYMENT_TARGET = 9.3;
				MTL_ENABLE_DEBUG_INFO = NO;
				SDKROOT = iphoneos;
				VALIDATE_PRODUCT = YES;
			};
			name = Release;
		};
		ED3F13571CAD2F65000E36A5 /* Debug */ = {
			isa = XCBuildConfiguration;
			baseConfigurationReference = 2EFB194644F16A53A905B6A1 /* Pods.debug.xcconfig */;
			buildSettings = {
				ASSETCATALOG_COMPILER_APPICON_NAME = AppIcon;
				ASSETCATALOG_COMPILER_LAUNCHIMAGE_NAME = "Brand Assets";
				CODE_SIGN_IDENTITY = "iPhone Developer";
				INFOPLIST_FILE = "$(SRCROOT)/BuDeJie/Class/Other/Info.plist";
				IPHONEOS_DEPLOYMENT_TARGET = 9.0;
				LD_RUNPATH_SEARCH_PATHS = "$(inherited) @executable_path/Frameworks";
				PRODUCT_BUNDLE_IDENTIFIER = com.JackMa.BuDeJie;
				PRODUCT_NAME = "$(TARGET_NAME)";
			};
			name = Debug;
		};
		ED3F13581CAD2F65000E36A5 /* Release */ = {
			isa = XCBuildConfiguration;
			baseConfigurationReference = 7698E6805368F2FA14421242 /* Pods.release.xcconfig */;
			buildSettings = {
				ASSETCATALOG_COMPILER_APPICON_NAME = AppIcon;
				ASSETCATALOG_COMPILER_LAUNCHIMAGE_NAME = "Brand Assets";
				CODE_SIGN_IDENTITY = "iPhone Developer";
				INFOPLIST_FILE = "$(SRCROOT)/BuDeJie/Class/Other/Info.plist";
				IPHONEOS_DEPLOYMENT_TARGET = 9.0;
				LD_RUNPATH_SEARCH_PATHS = "$(inherited) @executable_path/Frameworks";
				PRODUCT_BUNDLE_IDENTIFIER = com.JackMa.BuDeJie;
				PRODUCT_NAME = "$(TARGET_NAME)";
			};
			name = Release;
		};
/* End XCBuildConfiguration section */

/* Begin XCConfigurationList section */
		ED3F133A1CAD2F64000E36A5 /* Build configuration list for PBXProject "BuDeJie" */ = {
			isa = XCConfigurationList;
			buildConfigurations = (
				ED3F13541CAD2F65000E36A5 /* Debug */,
				ED3F13551CAD2F65000E36A5 /* Release */,
			);
			defaultConfigurationIsVisible = 0;
			defaultConfigurationName = Release;
		};
		ED3F13561CAD2F65000E36A5 /* Build configuration list for PBXNativeTarget "BuDeJie" */ = {
			isa = XCConfigurationList;
			buildConfigurations = (
				ED3F13571CAD2F65000E36A5 /* Debug */,
				ED3F13581CAD2F65000E36A5 /* Release */,
			);
			defaultConfigurationIsVisible = 0;
			defaultConfigurationName = Release;
		};
/* End XCConfigurationList section */
	};
	rootObject = ED3F13371CAD2F64000E36A5 /* Project object */;
}
